
Microsoft Visual Studio Solution File, Format Version 12.00
# Visual Studio Version 17
VisualStudioVersion = 17.8.34309.116
MinimumVisualStudioVersion = 10.0.40219.1
Project("{9A19103F-16F7-4668-BE54-9A1E7A4F7556}") = "HouseRentingSystem.Web", "HouseRentingSystem.Web\HouseRentingSystem.Web.csproj", "{5CD5DC22-E03F-4942-86CD-97D03074C07B}"
EndProject
Project("{2150E333-8FDC-42A3-9474-1A3956D46DE8}") = "Data", "Data", "{C1A90AC1-88CA-4A13-921E-B14DADDA34FF}"
EndProject
Project("{9A19103F-16F7-4668-BE54-9A1E7A4F7556}") = "HouseRentingSystem.Data", "HouseRentingSystem.Data\HouseRentingSystem.Data.csproj", "{E9BB6391-731F-4440-BEBE-64675C6594E5}"
EndProject
Project("{2150E333-8FDC-42A3-9474-1A3956D46DE8}") = "Web", "Web", "{1EB4E9ED-9D83-4346-988E-AAB379831729}"
EndProject
Project("{9A19103F-16F7-4668-BE54-9A1E7A4F7556}") = "HouseRentingSystem.Common", "HouseRentingSystem.Common\HouseRentingSystem.Common.csproj", "{342220AE-5D55-413B-A6CA-D38B3F527B6F}"
EndProject
Project("{9A19103F-16F7-4668-BE54-9A1E7A4F7556}") = "HouseRentingSystem.Data.Models", "HouseRentingSystem.Data.Models\HouseRentingSystem.Data.Models.csproj", "{7BC1E58F-6A7D-421E-80E0-2F893B5D5978}"
EndProject
Project("{9A19103F-16F7-4668-BE54-9A1E7A4F7556}") = "HouseRentingSystem.Web.ViewModels", "HouseRentingSystem.Web.ViewModels\HouseRentingSystem.Web.ViewModels.csproj", "{4DA52C45-1718-4BBF-A705-901724F4253F}"
EndProject
Project("{2150E333-8FDC-42A3-9474-1A3956D46DE8}") = "Services", "Services", "{7C6E90A1-C577-4BBA-9EB4-DBA7C8F4BF0F}"
EndProject
Project("{FAE04EC0-301F-11D3-BF4B-00C04F79EFBC}") = "HouseRentingSystem.Services.Data", "HouseRentingSystem.Services.Data\HouseRentingSystem.Services.Data.csproj", "{612BC591-7A3B-43E3-9334-F524590C0C50}"
EndProject
Global
	GlobalSection(SolutionConfigurationPlatforms) = preSolution
		Debug|Any CPU = Debug|Any CPU
		Release|Any CPU = Release|Any CPU
	EndGlobalSection
	GlobalSection(ProjectConfigurationPlatforms) = postSolution
		{5CD5DC22-E03F-4942-86CD-97D03074C07B}.Debug|Any CPU.ActiveCfg = Debug|Any CPU
		{5CD5DC22-E03F-4942-86CD-97D03074C07B}.Debug|Any CPU.Build.0 = Debug|Any CPU
		{5CD5DC22-E03F-4942-86CD-97D03074C07B}.Release|Any CPU.ActiveCfg = Release|Any CPU
		{5CD5DC22-E03F-4942-86CD-97D03074C07B}.Release|Any CPU.Build.0 = Release|Any CPU
		{E9BB6391-731F-4440-BEBE-64675C6594E5}.Debug|Any CPU.ActiveCfg = Debug|Any CPU
		{E9BB6391-731F-4440-BEBE-64675C6594E5}.Debug|Any CPU.Build.0 = Debug|Any CPU
		{E9BB6391-731F-4440-BEBE-64675C6594E5}.Release|Any CPU.ActiveCfg = Release|Any CPU
		{E9BB6391-731F-4440-BEBE-64675C6594E5}.Release|Any CPU.Build.0 = Release|Any CPU
		{342220AE-5D55-413B-A6CA-D38B3F527B6F}.Debug|Any CPU.ActiveCfg = Debug|Any CPU
		{342220AE-5D55-413B-A6CA-D38B3F527B6F}.Debug|Any CPU.Build.0 = Debug|Any CPU
		{342220AE-5D55-413B-A6CA-D38B3F527B6F}.Release|Any CPU.ActiveCfg = Release|Any CPU
		{342220AE-5D55-413B-A6CA-D38B3F527B6F}.Release|Any CPU.Build.0 = Release|Any CPU
		{7BC1E58F-6A7D-421E-80E0-2F893B5D5978}.Debug|Any CPU.ActiveCfg = Debug|Any CPU
		{7BC1E58F-6A7D-421E-80E0-2F893B5D5978}.Debug|Any CPU.Build.0 = Debug|Any CPU
		{7BC1E58F-6A7D-421E-80E0-2F893B5D5978}.Release|Any CPU.ActiveCfg = Release|Any CPU
		{7BC1E58F-6A7D-421E-80E0-2F893B5D5978}.Release|Any CPU.Build.0 = Release|Any CPU
		{4DA52C45-1718-4BBF-A705-901724F4253F}.Debug|Any CPU.ActiveCfg = Debug|Any CPU
		{4DA52C45-1718-4BBF-A705-901724F4253F}.Debug|Any CPU.Build.0 = Debug|Any CPU
		{4DA52C45-1718-4BBF-A705-901724F4253F}.Release|Any CPU.ActiveCfg = Release|Any CPU
		{4DA52C45-1718-4BBF-A705-901724F4253F}.Release|Any CPU.Build.0 = Release|Any CPU
		{612BC591-7A3B-43E3-9334-F524590C0C50}.Debug|Any CPU.ActiveCfg = Debug|Any CPU
		{612BC591-7A3B-43E3-9334-F524590C0C50}.Debug|Any CPU.Build.0 = Debug|Any CPU
		{612BC591-7A3B-43E3-9334-F524590C0C50}.Release|Any CPU.ActiveCfg = Release|Any CPU
		{612BC591-7A3B-43E3-9334-F524590C0C50}.Release|Any CPU.Build.0 = Release|Any CPU
	EndGlobalSection
	GlobalSection(SolutionProperties) = preSolution
		HideSolutionNode = FALSE
	EndGlobalSection
	GlobalSection(NestedProjects) = preSolution
		{5CD5DC22-E03F-4942-86CD-97D03074C07B} = {1EB4E9ED-9D83-4346-988E-AAB379831729}
		{E9BB6391-731F-4440-BEBE-64675C6594E5} = {C1A90AC1-88CA-4A13-921E-B14DADDA34FF}
		{7BC1E58F-6A7D-421E-80E0-2F893B5D5978} = {C1A90AC1-88CA-4A13-921E-B14DADDA34FF}
		{4DA52C45-1718-4BBF-A705-901724F4253F} = {1EB4E9ED-9D83-4346-988E-AAB379831729}
		{612BC591-7A3B-43E3-9334-F524590C0C50} = {7C6E90A1-C577-4BBA-9EB4-DBA7C8F4BF0F}
	EndGlobalSection
	GlobalSection(ExtensibilityGlobals) = postSolution
		SolutionGuid = {10828EEC-4A52-4C32-8E55-B95CA9F90EFD}
	EndGlobalSection
EndGlobal
